
Microsoft Visual Studio Solution File, Format Version 12.00
# Visual Studio Version 17
VisualStudioVersion = 17.11.35312.102
MinimumVisualStudioVersion = 10.0.40219.1
Project("{FAE04EC0-301F-11D3-BF4B-00C04F79EFBC}") = "AzureMethods", "AzureMethods\AzureMethods.csproj", "{427AF322-E58D-41D3-BFB2-960BBA8D73B7}"
EndProject
Global
	GlobalSection(SolutionConfigurationPlatforms) = preSolution
		Debug|Any CPU = Debug|Any CPU
		Release|Any CPU = Release|Any CPU
	EndGlobalSection
	GlobalSection(ProjectConfigurationPlatforms) = postSolution
		{427AF322-E58D-41D3-BFB2-960BBA8D73B7}.Debug|Any CPU.ActiveCfg = Debug|Any CPU
		{427AF322-E58D-41D3-BFB2-960BBA8D73B7}.Debug|Any CPU.Build.0 = Debug|Any CPU
		{427AF322-E58D-41D3-BFB2-960BBA8D73B7}.Release|Any CPU.ActiveCfg = Release|Any CPU
		{427AF322-E58D-41D3-BFB2-960BBA8D73B7}.Release|Any CPU.Build.0 = Release|Any CPU
	EndGlobalSection
	GlobalSection(SolutionProperties) = preSolution
		HideSolutionNode = FALSE
	EndGlobalSection
	GlobalSection(ExtensibilityGlobals) = postSolution
		SolutionGuid = {93219DE5-6E91-4D2A-943D-CB9C56D2B149}
	EndGlobalSection
EndGlobal
